
Microsoft Visual Studio Solution File, Format Version 12.00
# Visual Studio 14
VisualStudioVersion = 14.0.25123.0
MinimumVisualStudioVersion = 10.0.40219.1
Project("{8BC9CEB8-8B4A-11D0-8D11-00A0C91BC942}") = "EopMon", "EopMon\EopMon.vcxproj", "{8B453C13-645E-4469-AEC5-F46FCDE3276B}"
EndProject
Project("{2150E333-8FDC-42A3-9474-1A3956D46DE8}") = "Solution Items", "Solution Items", "{0C33BC50-802E-488D-B273-0ABCC04D886D}"
	ProjectSection(SolutionItems) = preProject
		.clang-format = .clang-format
		.gitattributes = .gitattributes
		.gitignore = .gitignore
		.gitmodules = .gitmodules
		clean.bat = clean.bat
		LICENSE = LICENSE
		README.md = README.md
	EndProjectSection
EndProject
Global
	GlobalSection(SolutionConfigurationPlatforms) = preSolution
		Debug|x64 = Debug|x64
		Debug|x86 = Debug|x86
		Release|x64 = Release|x64
		Release|x86 = Release|x86
	EndGlobalSection
	GlobalSection(ProjectConfigurationPlatforms) = postSolution
		{8B453C13-645E-4469-AEC5-F46FCDE3276B}.Debug|x64.ActiveCfg = Debug|x64
		{8B453C13-645E-4469-AEC5-F46FCDE3276B}.Debug|x64.Build.0 = Debug|x64
		{8B453C13-645E-4469-AEC5-F46FCDE3276B}.Debug|x86.ActiveCfg = Debug|Win32
		{8B453C13-645E-4469-AEC5-F46FCDE3276B}.Debug|x86.Build.0 = Debug|Win32
		{8B453C13-645E-4469-AEC5-F46FCDE3276B}.Release|x64.ActiveCfg = Release|x64
		{8B453C13-645E-4469-AEC5-F46FCDE3276B}.Release|x64.Build.0 = Release|x64
		{8B453C13-645E-4469-AEC5-F46FCDE3276B}.Release|x86.ActiveCfg = Release|Win32
		{8B453C13-645E-4469-AEC5-F46FCDE3276B}.Release|x86.Build.0 = Release|Win32
	EndGlobalSection
	GlobalSection(SolutionProperties) = preSolution
		HideSolutionNode = FALSE
	EndGlobalSection
EndGlobal
